// !$*UTF8*$!
{
	archiveVersion = 1;
	classes = {
	};
	objectVersion = 50;
	objects = {

/* Begin PBXBuildFile section */
		2B7276A021FE55F60002D52D /* AppDelegate.swift in Sources */ = {isa = PBXBuildFile; fileRef = 2B72769F21FE55F60002D52D /* AppDelegate.swift */; };
		2B7276A521FE55F60002D52D /* Main.storyboard in Resources */ = {isa = PBXBuildFile; fileRef = 2B7276A321FE55F60002D52D /* Main.storyboard */; };
		2B7276A721FE55F70002D52D /* Assets.xcassets in Resources */ = {isa = PBXBuildFile; fileRef = 2B7276A621FE55F70002D52D /* Assets.xcassets */; };
		2B7276AA21FE55F70002D52D /* LaunchScreen.storyboard in Resources */ = {isa = PBXBuildFile; fileRef = 2B7276A821FE55F70002D52D /* LaunchScreen.storyboard */; };
		2B7276B221FE5FEE0002D52D /* ListRecordsTVC.swift in Sources */ = {isa = PBXBuildFile; fileRef = 2B7276B121FE5FEE0002D52D /* ListRecordsTVC.swift */; };
		2B7276B421FE65BC0002D52D /* DetailVC.swift in Sources */ = {isa = PBXBuildFile; fileRef = 2B7276B321FE65BC0002D52D /* DetailVC.swift */; };
		2B7276B621FE66C80002D52D /* ListRecordsTableViewCell.swift in Sources */ = {isa = PBXBuildFile; fileRef = 2B7276B521FE66C80002D52D /* ListRecordsTableViewCell.swift */; };
		2B7276B821FE6FA40002D52D /* RecordVC.swift in Sources */ = {isa = PBXBuildFile; fileRef = 2B7276B721FE6FA40002D52D /* RecordVC.swift */; };
		2B7276BA21FE89B00002D52D /* Session.swift in Sources */ = {isa = PBXBuildFile; fileRef = 2B7276B921FE89B00002D52D /* Session.swift */; };
		2B7276DA21FF22AE0002D52D /* ListRecordsUser.swift in Sources */ = {isa = PBXBuildFile; fileRef = 2B7276D921FF22AE0002D52D /* ListRecordsUser.swift */; };
		2B7276E121FF293F0002D52D /* Managers.swift in Sources */ = {isa = PBXBuildFile; fileRef = 2B7276E021FF293F0002D52D /* Managers.swift */; };
/* End PBXBuildFile section */

/* Begin PBXFileReference section */
		2B72769C21FE55F60002D52D /* UserRecords.app */ = {isa = PBXFileReference; explicitFileType = wrapper.application; includeInIndex = 0; path = UserRecords.app; sourceTree = BUILT_PRODUCTS_DIR; };
		2B72769F21FE55F60002D52D /* AppDelegate.swift */ = {isa = PBXFileReference; lastKnownFileType = sourcecode.swift; path = AppDelegate.swift; sourceTree = "<group>"; };
		2B7276A421FE55F60002D52D /* Base */ = {isa = PBXFileReference; lastKnownFileType = file.storyboard; name = Base; path = Base.lproj/Main.storyboard; sourceTree = "<group>"; };
		2B7276A621FE55F70002D52D /* Assets.xcassets */ = {isa = PBXFileReference; lastKnownFileType = folder.assetcatalog; path = Assets.xcassets; sourceTree = "<group>"; };
		2B7276A921FE55F70002D52D /* Base */ = {isa = PBXFileReference; lastKnownFileType = file.storyboard; name = Base; path = Base.lproj/LaunchScreen.storyboard; sourceTree = "<group>"; };
		2B7276AB21FE55F70002D52D /* Info.plist */ = {isa = PBXFileReference; lastKnownFileType = text.plist.xml; path = Info.plist; sourceTree = "<group>"; };
		2B7276B121FE5FEE0002D52D /* ListRecordsTVC.swift */ = {isa = PBXFileReference; lastKnownFileType = sourcecode.swift; path = ListRecordsTVC.swift; sourceTree = "<group>"; };
		2B7276B321FE65BC0002D52D /* DetailVC.swift */ = {isa = PBXFileReference; lastKnownFileType = sourcecode.swift; path = DetailVC.swift; sourceTree = "<group>"; };
		2B7276B521FE66C80002D52D /* ListRecordsTableViewCell.swift */ = {isa = PBXFileReference; lastKnownFileType = sourcecode.swift; path = ListRecordsTableViewCell.swift; sourceTree = "<group>"; };
		2B7276B721FE6FA40002D52D /* RecordVC.swift */ = {isa = PBXFileReference; lastKnownFileType = sourcecode.swift; path = RecordVC.swift; sourceTree = "<group>"; };
		2B7276B921FE89B00002D52D /* Session.swift */ = {isa = PBXFileReference; lastKnownFileType = sourcecode.swift; path = Session.swift; sourceTree = "<group>"; };
		2B7276D921FF22AE0002D52D /* ListRecordsUser.swift */ = {isa = PBXFileReference; lastKnownFileType = sourcecode.swift; path = ListRecordsUser.swift; sourceTree = "<group>"; };
		2B7276E021FF293F0002D52D /* Managers.swift */ = {isa = PBXFileReference; lastKnownFileType = sourcecode.swift; path = Managers.swift; sourceTree = "<group>"; };
/* End PBXFileReference section */

/* Begin PBXFrameworksBuildPhase section */
		2B72769921FE55F60002D52D /* Frameworks */ = {
			isa = PBXFrameworksBuildPhase;
			buildActionMask = 2147483647;
			files = (
			);
			runOnlyForDeploymentPostprocessing = 0;
		};
/* End PBXFrameworksBuildPhase section */

/* Begin PBXGroup section */
		2B72769321FE55F60002D52D = {
			isa = PBXGroup;
			children = (
				2B72769E21FE55F60002D52D /* UserRecords */,
				2B72769D21FE55F60002D52D /* Products */,
			);
			sourceTree = "<group>";
		};
		2B72769D21FE55F60002D52D /* Products */ = {
			isa = PBXGroup;
			children = (
				2B72769C21FE55F60002D52D /* UserRecords.app */,
			);
			name = Products;
			sourceTree = "<group>";
		};
		2B72769E21FE55F60002D52D /* UserRecords */ = {
			isa = PBXGroup;
			children = (
				2B7276E221FF29440002D52D /* Global */,
				2B7276DB21FF28570002D52D /* Model */,
				2B7276DC21FF28690002D52D /* View */,
				2B7276DD21FF287B0002D52D /* Controller */,
				2B7276DE21FF28BF0002D52D /* Supporting Files */,
			);
			path = UserRecords;
			sourceTree = "<group>";
		};
		2B7276DB21FF28570002D52D /* Model */ = {
			isa = PBXGroup;
			children = (
				2B7276B921FE89B00002D52D /* Session.swift */,
				2B7276D921FF22AE0002D52D /* ListRecordsUser.swift */,
			);
			path = Model;
			sourceTree = "<group>";
		};
		2B7276DC21FF28690002D52D /* View */ = {
			isa = PBXGroup;
			children = (
				2B7276A321FE55F60002D52D /* Main.storyboard */,
				2B7276A821FE55F70002D52D /* LaunchScreen.storyboard */,
				2B7276B521FE66C80002D52D /* ListRecordsTableViewCell.swift */,
			);
			path = View;
			sourceTree = "<group>";
		};
		2B7276DD21FF287B0002D52D /* Controller */ = {
			isa = PBXGroup;
			children = (
				2B7276B121FE5FEE0002D52D /* ListRecordsTVC.swift */,
				2B7276B321FE65BC0002D52D /* DetailVC.swift */,
				2B7276B721FE6FA40002D52D /* RecordVC.swift */,
			);
			path = Controller;
			sourceTree = "<group>";
		};
		2B7276DE21FF28BF0002D52D /* Supporting Files */ = {
			isa = PBXGroup;
			children = (
				2B7276A621FE55F70002D52D /* Assets.xcassets */,
				2B7276AB21FE55F70002D52D /* Info.plist */,
			);
			path = "Supporting Files";
			sourceTree = "<group>";
		};
		2B7276E221FF29440002D52D /* Global */ = {
			isa = PBXGroup;
			children = (
				2B72769F21FE55F60002D52D /* AppDelegate.swift */,
				2B7276E021FF293F0002D52D /* Managers.swift */,
			);
			path = Global;
			sourceTree = "<group>";
		};
/* End PBXGroup section */

/* Begin PBXNativeTarget section */
		2B72769B21FE55F60002D52D /* UserRecords */ = {
			isa = PBXNativeTarget;
			buildConfigurationList = 2B7276AE21FE55F70002D52D /* Build configuration list for PBXNativeTarget "UserRecords" */;
			buildPhases = (
				2B72769821FE55F60002D52D /* Sources */,
				2B72769921FE55F60002D52D /* Frameworks */,
				2B72769A21FE55F60002D52D /* Resources */,
			);
			buildRules = (
			);
			dependencies = (
			);
			name = UserRecords;
			productName = UserRecords;
			productReference = 2B72769C21FE55F60002D52D /* UserRecords.app */;
			productType = "com.apple.product-type.application";
		};
/* End PBXNativeTarget section */

/* Begin PBXProject section */
		2B72769421FE55F60002D52D /* Project object */ = {
			isa = PBXProject;
			attributes = {
				LastSwiftUpdateCheck = 1010;
				LastUpgradeCheck = 1010;
				ORGANIZATIONNAME = "Vladimir Ereskin";
				TargetAttributes = {
					2B72769B21FE55F60002D52D = {
						CreatedOnToolsVersion = 10.1;
					};
				};
			};
			buildConfigurationList = 2B72769721FE55F60002D52D /* Build configuration list for PBXProject "UserRecords" */;
			compatibilityVersion = "Xcode 9.3";
			developmentRegion = en;
			hasScannedForEncodings = 0;
			knownRegions = (
				en,
				Base,
			);
			mainGroup = 2B72769321FE55F60002D52D;
			productRefGroup = 2B72769D21FE55F60002D52D /* Products */;
			projectDirPath = "";
			projectRoot = "";
			targets = (
				2B72769B21FE55F60002D52D /* UserRecords */,
			);
		};
/* End PBXProject section */

/* Begin PBXResourcesBuildPhase section */
		2B72769A21FE55F60002D52D /* Resources */ = {
			isa = PBXResourcesBuildPhase;
			buildActionMask = 2147483647;
			files = (
				2B7276AA21FE55F70002D52D /* LaunchScreen.storyboard in Resources */,
				2B7276A721FE55F70002D52D /* Assets.xcassets in Resources */,
				2B7276A521FE55F60002D52D /* Main.storyboard in Resources */,
			);
			runOnlyForDeploymentPostprocessing = 0;
		};
/* End PBXResourcesBuildPhase section */

/* Begin PBXSourcesBuildPhase section */
		2B72769821FE55F60002D52D /* Sources */ = {
			isa = PBXSourcesBuildPhase;
			buildActionMask = 2147483647;
			files = (
				2B7276B821FE6FA40002D52D /* RecordVC.swift in Sources */,
				2B7276DA21FF22AE0002D52D /* ListRecordsUser.swift in Sources */,
				2B7276B221FE5FEE0002D52D /* ListRecordsTVC.swift in Sources */,
				2B7276BA21FE89B00002D52D /* Session.swift in Sources */,
				2B7276A021FE55F60002D52D /* AppDelegate.swift in Sources */,
				2B7276B621FE66C80002D52D /* ListRecordsTableViewCell.swift in Sources */,
				2B7276B421FE65BC0002D52D /* DetailVC.swift in Sources */,
				2B7276E121FF293F0002D52D /* Managers.swift in Sources */,
			);
			runOnlyForDeploymentPostprocessing = 0;
		};
/* End PBXSourcesBuildPhase section */

/* Begin PBXVariantGroup section */
		2B7276A321FE55F60002D52D /* Main.storyboard */ = {
			isa = PBXVariantGroup;
			children = (
				2B7276A421FE55F60002D52D /* Base */,
			);
			name = Main.storyboard;
			sourceTree = "<group>";
		};
		2B7276A821FE55F70002D52D /* LaunchScreen.storyboard */ = {
			isa = PBXVariantGroup;
			children = (
				2B7276A921FE55F70002D52D /* Base */,
			);
			name = LaunchScreen.storyboard;
			sourceTree = "<group>";
		};
/* End PBXVariantGroup section */

/* Begin XCBuildConfiguration section */
		2B7276AC21FE55F70002D52D /* Debug */ = {
			isa = XCBuildConfiguration;
			buildSettings = {
				ALWAYS_SEARCH_USER_PATHS = NO;
				CLANG_ANALYZER_NONNULL = YES;
				CLANG_ANALYZER_NUMBER_OBJECT_CONVERSION = YES_AGGRESSIVE;
				CLANG_CXX_LANGUAGE_STANDARD = "gnu++14";
				CLANG_CXX_LIBRARY = "libc++";
				CLANG_ENABLE_MODULES = YES;
				CLANG_ENABLE_OBJC_ARC = YES;
				CLANG_ENABLE_OBJC_WEAK = YES;
				CLANG_WARN_BLOCK_CAPTURE_AUTORELEASING = YES;
				CLANG_WARN_BOOL_CONVERSION = YES;
				CLANG_WARN_COMMA = YES;
				CLANG_WARN_CONSTANT_CONVERSION = YES;
				CLANG_WARN_DEPRECATED_OBJC_IMPLEMENTATIONS = YES;
				CLANG_WARN_DIRECT_OBJC_ISA_USAGE = YES_ERROR;
				CLANG_WARN_DOCUMENTATION_COMMENTS = YES;
				CLANG_WARN_EMPTY_BODY = YES;
				CLANG_WARN_ENUM_CONVERSION = YES;
				CLANG_WARN_INFINITE_RECURSION = YES;
				CLANG_WARN_INT_CONVERSION = YES;
				CLANG_WARN_NON_LITERAL_NULL_CONVERSION = YES;
				CLANG_WARN_OBJC_IMPLICIT_RETAIN_SELF = YES;
				CLANG_WARN_OBJC_LITERAL_CONVERSION = YES;
				CLANG_WARN_OBJC_ROOT_CLASS = YES_ERROR;
				CLANG_WARN_RANGE_LOOP_ANALYSIS = YES;
				CLANG_WARN_STRICT_PROTOTYPES = YES;
				CLANG_WARN_SUSPICIOUS_MOVE = YES;
				CLANG_WARN_UNGUARDED_AVAILABILITY = YES_AGGRESSIVE;
				CLANG_WARN_UNREACHABLE_CODE = YES;
				CLANG_WARN__DUPLICATE_METHOD_MATCH = YES;
				CODE_SIGN_IDENTITY = "iPhone Developer";
				COPY_PHASE_STRIP = NO;
				DEBUG_INFORMATION_FORMAT = dwarf;
				ENABLE_STRICT_OBJC_MSGSEND = YES;
				ENABLE_TESTABILITY = YES;
				GCC_C_LANGUAGE_STANDARD = gnu11;
				GCC_DYNAMIC_NO_PIC = NO;
				GCC_NO_COMMON_BLOCKS = YES;
				GCC_OPTIMIZATION_LEVEL = 0;
				GCC_PREPROCESSOR_DEFINITIONS = (
					"DEBUG=1",
					"$(inherited)",
				);
				GCC_WARN_64_TO_32_BIT_CONVERSION = YES;
				GCC_WARN_ABOUT_RETURN_TYPE = YES_ERROR;
				GCC_WARN_UNDECLARED_SELECTOR = YES;
				GCC_WARN_UNINITIALIZED_AUTOS = YES_AGGRESSIVE;
				GCC_WARN_UNUSED_FUNCTION = YES;
				GCC_WARN_UNUSED_VARIABLE = YES;
				IPHONEOS_DEPLOYMENT_TARGET = 12.1;
				MTL_ENABLE_DEBUG_INFO = INCLUDE_SOURCE;
				MTL_FAST_MATH = YES;
				ONLY_ACTIVE_ARCH = YES;
				SDKROOT = iphoneos;
				SWIFT_ACTIVE_COMPILATION_CONDITIONS = DEBUG;
				SWIFT_OPTIMIZATION_LEVEL = "-Onone";
			};
			name = Debug;
		};
		2B7276AD21FE55F70002D52D /* Release */ = {
			isa = XCBuildConfiguration;
			buildSettings = {
				ALWAYS_SEARCH_USER_PATHS = NO;
				CLANG_ANALYZER_NONNULL = YES;
				CLANG_ANALYZER_NUMBER_OBJECT_CONVERSION = YES_AGGRESSIVE;
				CLANG_CXX_LANGUAGE_STANDARD = "gnu++14";
				CLANG_CXX_LIBRARY = "libc++";
				CLANG_ENABLE_MODULES = YES;
				CLANG_ENABLE_OBJC_ARC = YES;
				CLANG_ENABLE_OBJC_WEAK = YES;
				CLANG_WARN_BLOCK_CAPTURE_AUTORELEASING = YES;
				CLANG_WARN_BOOL_CONVERSION = YES;
				CLANG_WARN_COMMA = YES;
				CLANG_WARN_CONSTANT_CONVERSION = YES;
				CLANG_WARN_DEPRECATED_OBJC_IMPLEMENTATIONS = YES;
				CLANG_WARN_DIRECT_OBJC_ISA_USAGE = YES_ERROR;
				CLANG_WARN_DOCUMENTATION_COMMENTS = YES;
				CLANG_WARN_EMPTY_BODY = YES;
				CLANG_WARN_ENUM_CONVERSION = YES;
				CLANG_WARN_INFINITE_RECURSION = YES;
				CLANG_WARN_INT_CONVERSION = YES;
				CLANG_WARN_NON_LITERAL_NULL_CONVERSION = YES;
				CLANG_WARN_OBJC_IMPLICIT_RETAIN_SELF = YES;
				CLANG_WARN_OBJC_LITERAL_CONVERSION = YES;
				CLANG_WARN_OBJC_ROOT_CLASS = YES_ERROR;
				CLANG_WARN_RANGE_LOOP_ANALYSIS = YES;
				CLANG_WARN_STRICT_PROTOTYPES = YES;
				CLANG_WARN_SUSPICIOUS_MOVE = YES;
				CLANG_WARN_UNGUARDED_AVAILABILITY = YES_AGGRESSIVE;
				CLANG_WARN_UNREACHABLE_CODE = YES;
				CLANG_WARN__DUPLICATE_METHOD_MATCH = YES;
				CODE_SIGN_IDENTITY = "iPhone Developer";
				COPY_PHASE_STRIP = NO;
				DEBUG_INFORMATION_FORMAT = "dwarf-with-dsym";
				ENABLE_NS_ASSERTIONS = NO;
				ENABLE_STRICT_OBJC_MSGSEND = YES;
				GCC_C_LANGUAGE_STANDARD = gnu11;
				GCC_NO_COMMON_BLOCKS = YES;
				GCC_WARN_64_TO_32_BIT_CONVERSION = YES;
				GCC_WARN_ABOUT_RETURN_TYPE = YES_ERROR;
				GCC_WARN_UNDECLARED_SELECTOR = YES;
				GCC_WARN_UNINITIALIZED_AUTOS = YES_AGGRESSIVE;
				GCC_WARN_UNUSED_FUNCTION = YES;
				GCC_WARN_UNUSED_VARIABLE = YES;
				IPHONEOS_DEPLOYMENT_TARGET = 12.1;
				MTL_ENABLE_DEBUG_INFO = NO;
				MTL_FAST_MATH = YES;
				SDKROOT = iphoneos;
				SWIFT_COMPILATION_MODE = wholemodule;
				SWIFT_OPTIMIZATION_LEVEL = "-O";
				VALIDATE_PRODUCT = YES;
			};
			name = Release;
		};
		2B7276AF21FE55F70002D52D /* Debug */ = {
			isa = XCBuildConfiguration;
			buildSettings = {
				ASSETCATALOG_COMPILER_APPICON_NAME = AppIcon;
				ASSETCATALOG_COMPILER_LAUNCHIMAGE_NAME = LaunchImage;
				CODE_SIGN_STYLE = Automatic;
				DEVELOPMENT_TEAM = FE5WRLEXRE;
				INFOPLIST_FILE = "$(SRCROOT)/UserRecords/Supporting Files/Info.plist";
				LD_RUNPATH_SEARCH_PATHS = (
					"$(inherited)",
					"@executable_path/Frameworks",
				);
				PRODUCT_BUNDLE_IDENTIFIER = ru.ereskinva.UserRecords;
				PRODUCT_NAME = "$(TARGET_NAME)";
				SWIFT_VERSION = 4.2;
				TARGETED_DEVICE_FAMILY = "1,2";
			};
			name = Debug;
		};
		2B7276B021FE55F70002D52D /* Release */ = {
			isa = XCBuildConfiguration;
			buildSettings = {
				ASSETCATALOG_COMPILER_APPICON_NAME = AppIcon;
				ASSETCATALOG_COMPILER_LAUNCHIMAGE_NAME = LaunchImage;
				CODE_SIGN_STYLE = Automatic;
				DEVELOPMENT_TEAM = FE5WRLEXRE;
				INFOPLIST_FILE = "$(SRCROOT)/UserRecords/Supporting Files/Info.plist";
				LD_RUNPATH_SEARCH_PATHS = (
					"$(inherited)",
					"@executable_path/Frameworks",
				);
				PRODUCT_BUNDLE_IDENTIFIER = ru.ereskinva.UserRecords;
				PRODUCT_NAME = "$(TARGET_NAME)";
				SWIFT_VERSION = 4.2;
				TARGETED_DEVICE_FAMILY = "1,2";
			};
			name = Release;
		};
/* End XCBuildConfiguration section */

/* Begin XCConfigurationList section */
		2B72769721FE55F60002D52D /* Build configuration list for PBXProject "UserRecords" */ = {
			isa = XCConfigurationList;
			buildConfigurations = (
				2B7276AC21FE55F70002D52D /* Debug */,
				2B7276AD21FE55F70002D52D /* Release */,
			);
			defaultConfigurationIsVisible = 0;
			defaultConfigurationName = Release;
		};
		2B7276AE21FE55F70002D52D /* Build configuration list for PBXNativeTarget "UserRecords" */ = {
			isa = XCConfigurationList;
			buildConfigurations = (
				2B7276AF21FE55F70002D52D /* Debug */,
				2B7276B021FE55F70002D52D /* Release */,
			);
			defaultConfigurationIsVisible = 0;
			defaultConfigurationName = Release;
		};
/* End XCConfigurationList section */
	};
	rootObject = 2B72769421FE55F60002D52D /* Project object */;
}
